
Microsoft Visual Studio Solution File, Format Version 12.00
# Visual Studio 15
VisualStudioVersion = 15.0.26730.10
MinimumVisualStudioVersion = 10.0.40219.1
Project("{FAE04EC0-301F-11D3-BF4B-00C04F79EFBC}") = "CadastroClientes", "CadastroClientes\CadastroClientes.csproj", "{2FF36B73-37D6-4B41-A0C2-C48B6EC77E6D}"
EndProject
Global
	GlobalSection(SolutionConfigurationPlatforms) = preSolution
		Debug|Any CPU = Debug|Any CPU
		Release|Any CPU = Release|Any CPU
	EndGlobalSection
	GlobalSection(ProjectConfigurationPlatforms) = postSolution
		{2FF36B73-37D6-4B41-A0C2-C48B6EC77E6D}.Debug|Any CPU.ActiveCfg = Debug|Any CPU
		{2FF36B73-37D6-4B41-A0C2-C48B6EC77E6D}.Debug|Any CPU.Build.0 = Debug|Any CPU
		{2FF36B73-37D6-4B41-A0C2-C48B6EC77E6D}.Release|Any CPU.ActiveCfg = Release|Any CPU
		{2FF36B73-37D6-4B41-A0C2-C48B6EC77E6D}.Release|Any CPU.Build.0 = Release|Any CPU
	EndGlobalSection
	GlobalSection(SolutionProperties) = preSolution
		HideSolutionNode = FALSE
	EndGlobalSection
	GlobalSection(ExtensibilityGlobals) = postSolution
		SolutionGuid = {33445D29-FC6F-444E-ACE3-9901CED11183}
	EndGlobalSection
EndGlobal
